
Microsoft Visual Studio Solution File, Format Version 12.00
# Visual Studio Version 17
VisualStudioVersion = 17.4.33110.190
MinimumVisualStudioVersion = 10.0.40219.1
Project("{888888A0-9F3D-457C-B088-3A5042F75D52}") = "YtDlpViewsDumper", "YtDlpViewsDumper.pyproj", "{F43E93E1-3880-44E0-8711-9576077F80D2}"
EndProject
Global
	GlobalSection(SolutionConfigurationPlatforms) = preSolution
		Debug|Any CPU = Debug|Any CPU
		Release|Any CPU = Release|Any CPU
	EndGlobalSection
	GlobalSection(ProjectConfigurationPlatforms) = postSolution
		{F43E93E1-3880-44E0-8711-9576077F80D2}.Debug|Any CPU.ActiveCfg = Debug|Any CPU
		{F43E93E1-3880-44E0-8711-9576077F80D2}.Release|Any CPU.ActiveCfg = Release|Any CPU
	EndGlobalSection
	GlobalSection(SolutionProperties) = preSolution
		HideSolutionNode = FALSE
	EndGlobalSection
	GlobalSection(ExtensibilityGlobals) = postSolution
		SolutionGuid = {9A6233F6-9A86-410E-9DA6-ADFCE0716BCB}
	EndGlobalSection
EndGlobal
